
Microsoft Visual Studio Solution File, Format Version 12.00
# Visual Studio 2013
VisualStudioVersion = 12.0.30723.0
MinimumVisualStudioVersion = 10.0.40219.1
Project("{FAE04EC0-301F-11D3-BF4B-00C04F79EFBC}") = "G2-Orientadas", "G2-Orientadas\G2-Orientadas.csproj", "{40714213-E747-4E16-ADD1-3C29B6A108A8}"
EndProject
Project("{FAE04EC0-301F-11D3-BF4B-00C04F79EFBC}") = "FarroupilhasAdo", "FarroupilhasAdo\FarroupilhasAdo.csproj", "{A4BC224D-3205-4711-9CEF-4BC982223BB8}"
EndProject
Global
	GlobalSection(SolutionConfigurationPlatforms) = preSolution
		Debug|Any CPU = Debug|Any CPU
		Release|Any CPU = Release|Any CPU
	EndGlobalSection
	GlobalSection(ProjectConfigurationPlatforms) = postSolution
		{40714213-E747-4E16-ADD1-3C29B6A108A8}.Debug|Any CPU.ActiveCfg = Debug|Any CPU
		{40714213-E747-4E16-ADD1-3C29B6A108A8}.Debug|Any CPU.Build.0 = Debug|Any CPU
		{40714213-E747-4E16-ADD1-3C29B6A108A8}.Release|Any CPU.ActiveCfg = Release|Any CPU
		{40714213-E747-4E16-ADD1-3C29B6A108A8}.Release|Any CPU.Build.0 = Release|Any CPU
		{A4BC224D-3205-4711-9CEF-4BC982223BB8}.Debug|Any CPU.ActiveCfg = Debug|Any CPU
		{A4BC224D-3205-4711-9CEF-4BC982223BB8}.Debug|Any CPU.Build.0 = Debug|Any CPU
		{A4BC224D-3205-4711-9CEF-4BC982223BB8}.Release|Any CPU.ActiveCfg = Release|Any CPU
		{A4BC224D-3205-4711-9CEF-4BC982223BB8}.Release|Any CPU.Build.0 = Release|Any CPU
	EndGlobalSection
	GlobalSection(SolutionProperties) = preSolution
		HideSolutionNode = FALSE
	EndGlobalSection
EndGlobal
